PODS:
  - MJRefresh (3.5.0)
  - PLVWebViewSDK (3.2.4):
    - PLVWebViewSDK/Core (= 3.2.4)
  - PLVWebViewSDK/Core (3.2.4):
    - MJRefresh (~> 3.5.0)

DEPENDENCIES:
  - PLVWebViewSDK (~> 3.2.4)

SPEC REPOS:
  https://github.com/CocoaPods/Specs.git:
    - MJRefresh
    - PLVWebViewSDK

SPEC CHECKSUMS:
  MJRefresh: 6afc955813966afb08305477dd7a0d9ad5e79a16
  PLVWebViewSDK: f7a8d42a12c8d41755a9ab93b51a1bcdb3d01447

PODFILE CHECKSUM: 153bd856cfdabbf62d4c04a1fb136d89606f152b

COCOAPODS: 1.16.2
